// !$*UTF8*$!
{
	archiveVersion = 1;
	classes = {
	};
	objectVersion = 46;
	objects = {

/* Begin PBXBuildFile section */
		4C69D8401DF69F4C00C0B7E9 /* AppDelegate.swift in Sources */ = {isa = PBXBuildFile; fileRef = 4C69D83F1DF69F4C00C0B7E9 /* AppDelegate.swift */; };
		4C69D8471DF69F4C00C0B7E9 /* Assets.xcassets in Resources */ = {isa = PBXBuildFile; fileRef = 4C69D8461DF69F4C00C0B7E9 /* Assets.xcassets */; };
		4C69D84A1DF69F4C00C0B7E9 /* LaunchScreen.storyboard in Resources */ = {isa = PBXBuildFile; fileRef = 4C69D8481DF69F4C00C0B7E9 /* LaunchScreen.storyboard */; };
		4CE004601DF7C53D00F0648A /* FollowViewController.storyboard in Resources */ = {isa = PBXBuildFile; fileRef = 4CE0042B1DF7C53D00F0648A /* FollowViewController.storyboard */; };
		4CE004611DF7C53D00F0648A /* FollowViewController.swift in Sources */ = {isa = PBXBuildFile; fileRef = 4CE0042C1DF7C53D00F0648A /* FollowViewController.swift */; };
		4CE004621DF7C53D00F0648A /* HomeViewController.storyboard in Resources */ = {isa = PBXBuildFile; fileRef = 4CE004331DF7C53D00F0648A /* HomeViewController.storyboard */; };
		4CE004631DF7C53D00F0648A /* HomeViewController.swift in Sources */ = {isa = PBXBuildFile; fileRef = 4CE004341DF7C53D00F0648A /* HomeViewController.swift */; };
		4CE004641DF7C53D00F0648A /* LiveViewController.storyboard in Resources */ = {isa = PBXBuildFile; fileRef = 4CE0043B1DF7C53D00F0648A /* LiveViewController.storyboard */; };
		4CE004651DF7C53D00F0648A /* LiveViewController.swift in Sources */ = {isa = PBXBuildFile; fileRef = 4CE0043C1DF7C53D00F0648A /* LiveViewController.swift */; };
		4CE004661DF7C53D00F0648A /* MainNavigationController.swift in Sources */ = {isa = PBXBuildFile; fileRef = 4CE004431DF7C53D00F0648A /* MainNavigationController.swift */; };
		4CE004671DF7C53D00F0648A /* MainTabBarController.swift in Sources */ = {isa = PBXBuildFile; fileRef = 4CE004441DF7C53D00F0648A /* MainTabBarController.swift */; };
		4CE004681DF7C53D00F0648A /* ProfileViewController.storyboard in Resources */ = {isa = PBXBuildFile; fileRef = 4CE0044B1DF7C53D00F0648A /* ProfileViewController.storyboard */; };
		4CE004691DF7C53D00F0648A /* ProfileViewController.swift in Sources */ = {isa = PBXBuildFile; fileRef = 4CE0044C1DF7C53D00F0648A /* ProfileViewController.swift */; };
		4CE0046A1DF7C53D00F0648A /* VideoViewController.storyboard in Resources */ = {isa = PBXBuildFile; fileRef = 4CE0045A1DF7C53D00F0648A /* VideoViewController.storyboard */; };
		4CE0046B1DF7C53D00F0648A /* VideoViewController.swift in Sources */ = {isa = PBXBuildFile; fileRef = 4CE0045B1DF7C53D00F0648A /* VideoViewController.swift */; };
/* End PBXBuildFile section */

/* Begin PBXFileReference section */
		4C69D83C1DF69F4C00C0B7E9 /* DY.app */ = {isa = PBXFileReference; explicitFileType = wrapper.application; includeInIndex = 0; path = DY.app; sourceTree = BUILT_PRODUCTS_DIR; };
		4C69D83F1DF69F4C00C0B7E9 /* AppDelegate.swift */ = {isa = PBXFileReference; lastKnownFileType = sourcecode.swift; path = AppDelegate.swift; sourceTree = "<group>"; };
		4C69D8461DF69F4C00C0B7E9 /* Assets.xcassets */ = {isa = PBXFileReference; lastKnownFileType = folder.assetcatalog; path = Assets.xcassets; sourceTree = "<group>"; };
		4C69D8491DF69F4C00C0B7E9 /* Base */ = {isa = PBXFileReference; lastKnownFileType = file.storyboard; name = Base; path = Base.lproj/LaunchScreen.storyboard; sourceTree = "<group>"; };
		4C69D84B1DF69F4C00C0B7E9 /* Info.plist */ = {isa = PBXFileReference; lastKnownFileType = text.plist.xml; path = Info.plist; sourceTree = "<group>"; };
		4CE0042B1DF7C53D00F0648A /* FollowViewController.storyboard */ = {isa = PBXFileReference; fileEncoding = 4; lastKnownFileType = file.storyboard; path = FollowViewController.storyboard; sourceTree = "<group>"; };
		4CE0042C1DF7C53D00F0648A /* FollowViewController.swift */ = {isa = PBXFileReference; fileEncoding = 4; lastKnownFileType = sourcecode.swift; path = FollowViewController.swift; sourceTree = "<group>"; };
		4CE004331DF7C53D00F0648A /* HomeViewController.storyboard */ = {isa = PBXFileReference; fileEncoding = 4; lastKnownFileType = file.storyboard; path = HomeViewController.storyboard; sourceTree = "<group>"; };
		4CE004341DF7C53D00F0648A /* HomeViewController.swift */ = {isa = PBXFileReference; fileEncoding = 4; lastKnownFileType = sourcecode.swift; path = HomeViewController.swift; sourceTree = "<group>"; };
		4CE0043B1DF7C53D00F0648A /* LiveViewController.storyboard */ = {isa = PBXFileReference; fileEncoding = 4; lastKnownFileType = file.storyboard; path = LiveViewController.storyboard; sourceTree = "<group>"; };
		4CE0043C1DF7C53D00F0648A /* LiveViewController.swift */ = {isa = PBXFileReference; fileEncoding = 4; lastKnownFileType = sourcecode.swift; path = LiveViewController.swift; sourceTree = "<group>"; };
		4CE004431DF7C53D00F0648A /* MainNavigationController.swift */ = {isa = PBXFileReference; fileEncoding = 4; lastKnownFileType = sourcecode.swift; path = MainNavigationController.swift; sourceTree = "<group>"; };
		4CE004441DF7C53D00F0648A /* MainTabBarController.swift */ = {isa = PBXFileReference; fileEncoding = 4; lastKnownFileType = sourcecode.swift; path = MainTabBarController.swift; sourceTree = "<group>"; };
		4CE0044B1DF7C53D00F0648A /* ProfileViewController.storyboard */ = {isa = PBXFileReference; fileEncoding = 4; lastKnownFileType = file.storyboard; path = ProfileViewController.storyboard; sourceTree = "<group>"; };
		4CE0044C1DF7C53D00F0648A /* ProfileViewController.swift */ = {isa = PBXFileReference; fileEncoding = 4; lastKnownFileType = sourcecode.swift; path = ProfileViewController.swift; sourceTree = "<group>"; };
		4CE0045A1DF7C53D00F0648A /* VideoViewController.storyboard */ = {isa = PBXFileReference; fileEncoding = 4; lastKnownFileType = file.storyboard; path = VideoViewController.storyboard; sourceTree = "<group>"; };
		4CE0045B1DF7C53D00F0648A /* VideoViewController.swift */ = {isa = PBXFileReference; fileEncoding = 4; lastKnownFileType = sourcecode.swift; path = VideoViewController.swift; sourceTree = "<group>"; };
/* End PBXFileReference section */

/* Begin PBXFrameworksBuildPhase section */
		4C69D8391DF69F4C00C0B7E9 /* Frameworks */ = {
			isa = PBXFrameworksBuildPhase;
			buildActionMask = 2147483647;
			files = (
			);
			runOnlyForDeploymentPostprocessing = 0;
		};
/* End PBXFrameworksBuildPhase section */

/* Begin PBXGroup section */
		4C69D8331DF69F4C00C0B7E9 = {
			isa = PBXGroup;
			children = (
				4C69D83E1DF69F4C00C0B7E9 /* DY */,
				4C69D83D1DF69F4C00C0B7E9 /* Products */,
			);
			sourceTree = "<group>";
		};
		4C69D83D1DF69F4C00C0B7E9 /* Products */ = {
			isa = PBXGroup;
			children = (
				4C69D83C1DF69F4C00C0B7E9 /* DY.app */,
			);
			name = Products;
			sourceTree = "<group>";
		};
		4C69D83E1DF69F4C00C0B7E9 /* DY */ = {
			isa = PBXGroup;
			children = (
				4CE004281DF7C53D00F0648A /* Class */,
				4C69D83F1DF69F4C00C0B7E9 /* AppDelegate.swift */,
				4C69D8461DF69F4C00C0B7E9 /* Assets.xcassets */,
				4C69D8481DF69F4C00C0B7E9 /* LaunchScreen.storyboard */,
				4C69D84B1DF69F4C00C0B7E9 /* Info.plist */,
			);
			path = DY;
			sourceTree = "<group>";
		};
		4CE004281DF7C53D00F0648A /* Class */ = {
			isa = PBXGroup;
			children = (
				4CE004291DF7C53D00F0648A /* Follow */,
				4CE004311DF7C53D00F0648A /* Home */,
				4CE004391DF7C53D00F0648A /* Live */,
				4CE004411DF7C53D00F0648A /* Main */,
				4CE004491DF7C53D00F0648A /* Profile */,
				4CE004511DF7C53D00F0648A /* Tools */,
				4CE004581DF7C53D00F0648A /* Video */,
			);
			path = Class;
			sourceTree = "<group>";
		};
		4CE004291DF7C53D00F0648A /* Follow */ = {
			isa = PBXGroup;
			children = (
				4CE0042A1DF7C53D00F0648A /* Controller */,
				4CE0042D1DF7C53D00F0648A /* Model */,
				4CE0042F1DF7C53D00F0648A /* View */,
			);
			path = Follow;
			sourceTree = "<group>";
		};
		4CE0042A1DF7C53D00F0648A /* Controller */ = {
			isa = PBXGroup;
			children = (
				4CE0042B1DF7C53D00F0648A /* FollowViewController.storyboard */,
				4CE0042C1DF7C53D00F0648A /* FollowViewController.swift */,
			);
			path = Controller;
			sourceTree = "<group>";
		};
		4CE0042D1DF7C53D00F0648A /* Model */ = {
			isa = PBXGroup;
			children = (
			);
			path = Model;
			sourceTree = "<group>";
		};
		4CE0042F1DF7C53D00F0648A /* View */ = {
			isa = PBXGroup;
			children = (
			);
			path = View;
			sourceTree = "<group>";
		};
		4CE004311DF7C53D00F0648A /* Home */ = {
			isa = PBXGroup;
			children = (
				4CE004321DF7C53D00F0648A /* Controller */,
				4CE004351DF7C53D00F0648A /* Model */,
				4CE004371DF7C53D00F0648A /* View */,
			);
			path = Home;
			sourceTree = "<group>";
		};
		4CE004321DF7C53D00F0648A /* Controller */ = {
			isa = PBXGroup;
			children = (
				4CE004331DF7C53D00F0648A /* HomeViewController.storyboard */,
				4CE004341DF7C53D00F0648A /* HomeViewController.swift */,
			);
			path = Controller;
			sourceTree = "<group>";
		};
		4CE004351DF7C53D00F0648A /* Model */ = {
			isa = PBXGroup;
			children = (
			);
			path = Model;
			sourceTree = "<group>";
		};
		4CE004371DF7C53D00F0648A /* View */ = {
			isa = PBXGroup;
			children = (
			);
			path = View;
			sourceTree = "<group>";
		};
		4CE004391DF7C53D00F0648A /* Live */ = {
			isa = PBXGroup;
			children = (
				4CE0043A1DF7C53D00F0648A /* Controller */,
				4CE0043D1DF7C53D00F0648A /* Model */,
				4CE0043F1DF7C53D00F0648A /* View */,
			);
			path = Live;
			sourceTree = "<group>";
		};
		4CE0043A1DF7C53D00F0648A /* Controller */ = {
			isa = PBXGroup;
			children = (
				4CE0043B1DF7C53D00F0648A /* LiveViewController.storyboard */,
				4CE0043C1DF7C53D00F0648A /* LiveViewController.swift */,
			);
			path = Controller;
			sourceTree = "<group>";
		};
		4CE0043D1DF7C53D00F0648A /* Model */ = {
			isa = PBXGroup;
			children = (
			);
			path = Model;
			sourceTree = "<group>";
		};
		4CE0043F1DF7C53D00F0648A /* View */ = {
			isa = PBXGroup;
			children = (
			);
			path = View;
			sourceTree = "<group>";
		};
		4CE004411DF7C53D00F0648A /* Main */ = {
			isa = PBXGroup;
			children = (
				4CE004421DF7C53D00F0648A /* Controller */,
				4CE004451DF7C53D00F0648A /* Model */,
				4CE004471DF7C53D00F0648A /* View */,
			);
			path = Main;
			sourceTree = "<group>";
		};
		4CE004421DF7C53D00F0648A /* Controller */ = {
			isa = PBXGroup;
			children = (
				4CE004431DF7C53D00F0648A /* MainNavigationController.swift */,
				4CE004441DF7C53D00F0648A /* MainTabBarController.swift */,
			);
			path = Controller;
			sourceTree = "<group>";
		};
		4CE004451DF7C53D00F0648A /* Model */ = {
			isa = PBXGroup;
			children = (
			);
			path = Model;
			sourceTree = "<group>";
		};
		4CE004471DF7C53D00F0648A /* View */ = {
			isa = PBXGroup;
			children = (
			);
			path = View;
			sourceTree = "<group>";
		};
		4CE004491DF7C53D00F0648A /* Profile */ = {
			isa = PBXGroup;
			children = (
				4CE0044A1DF7C53D00F0648A /* Controller */,
				4CE0044D1DF7C53D00F0648A /* Model */,
				4CE0044F1DF7C53D00F0648A /* View */,
			);
			path = Profile;
			sourceTree = "<group>";
		};
		4CE0044A1DF7C53D00F0648A /* Controller */ = {
			isa = PBXGroup;
			children = (
				4CE0044B1DF7C53D00F0648A /* ProfileViewController.storyboard */,
				4CE0044C1DF7C53D00F0648A /* ProfileViewController.swift */,
			);
			path = Controller;
			sourceTree = "<group>";
		};
		4CE0044D1DF7C53D00F0648A /* Model */ = {
			isa = PBXGroup;
			children = (
			);
			path = Model;
			sourceTree = "<group>";
		};
		4CE0044F1DF7C53D00F0648A /* View */ = {
			isa = PBXGroup;
			children = (
			);
			path = View;
			sourceTree = "<group>";
		};
		4CE004511DF7C53D00F0648A /* Tools */ = {
			isa = PBXGroup;
			children = (
				4CE004521DF7C53D00F0648A /* Controller */,
				4CE004541DF7C53D00F0648A /* Model */,
				4CE004561DF7C53D00F0648A /* View */,
			);
			path = Tools;
			sourceTree = "<group>";
		};
		4CE004521DF7C53D00F0648A /* Controller */ = {
			isa = PBXGroup;
			children = (
			);
			path = Controller;
			sourceTree = "<group>";
		};
		4CE004541DF7C53D00F0648A /* Model */ = {
			isa = PBXGroup;
			children = (
			);
			path = Model;
			sourceTree = "<group>";
		};
		4CE004561DF7C53D00F0648A /* View */ = {
			isa = PBXGroup;
			children = (
			);
			path = View;
			sourceTree = "<group>";
		};
		4CE004581DF7C53D00F0648A /* Video */ = {
			isa = PBXGroup;
			children = (
				4CE004591DF7C53D00F0648A /* Controller */,
				4CE0045C1DF7C53D00F0648A /* Model */,
				4CE0045E1DF7C53D00F0648A /* View */,
			);
			path = Video;
			sourceTree = "<group>";
		};
		4CE004591DF7C53D00F0648A /* Controller */ = {
			isa = PBXGroup;
			children = (
				4CE0045A1DF7C53D00F0648A /* VideoViewController.storyboard */,
				4CE0045B1DF7C53D00F0648A /* VideoViewController.swift */,
			);
			path = Controller;
			sourceTree = "<group>";
		};
		4CE0045C1DF7C53D00F0648A /* Model */ = {
			isa = PBXGroup;
			children = (
			);
			path = Model;
			sourceTree = "<group>";
		};
		4CE0045E1DF7C53D00F0648A /* View */ = {
			isa = PBXGroup;
			children = (
			);
			path = View;
			sourceTree = "<group>";
		};
/* End PBXGroup section */

/* Begin PBXNativeTarget section */
		4C69D83B1DF69F4C00C0B7E9 /* DY */ = {
			isa = PBXNativeTarget;
			buildConfigurationList = 4C69D84E1DF69F4C00C0B7E9 /* Build configuration list for PBXNativeTarget "DY" */;
			buildPhases = (
				4C69D8381DF69F4C00C0B7E9 /* Sources */,
				4C69D8391DF69F4C00C0B7E9 /* Frameworks */,
				4C69D83A1DF69F4C00C0B7E9 /* Resources */,
			);
			buildRules = (
			);
			dependencies = (
			);
			name = DY;
			productName = DY;
			productReference = 4C69D83C1DF69F4C00C0B7E9 /* DY.app */;
			productType = "com.apple.product-type.application";
		};
/* End PBXNativeTarget section */

/* Begin PBXProject section */
		4C69D8341DF69F4C00C0B7E9 /* Project object */ = {
			isa = PBXProject;
			attributes = {
				LastSwiftUpdateCheck = 0800;
				LastUpgradeCheck = 0800;
				ORGANIZATIONNAME = "佘红响";
				TargetAttributes = {
					4C69D83B1DF69F4C00C0B7E9 = {
						CreatedOnToolsVersion = 8.0;
						DevelopmentTeam = GX89S4GSN2;
						ProvisioningStyle = Automatic;
					};
				};
			};
			buildConfigurationList = 4C69D8371DF69F4C00C0B7E9 /* Build configuration list for PBXProject "DY" */;
			compatibilityVersion = "Xcode 3.2";
			developmentRegion = English;
			hasScannedForEncodings = 0;
			knownRegions = (
				en,
				Base,
			);
			mainGroup = 4C69D8331DF69F4C00C0B7E9;
			productRefGroup = 4C69D83D1DF69F4C00C0B7E9 /* Products */;
			projectDirPath = "";
			projectRoot = "";
			targets = (
				4C69D83B1DF69F4C00C0B7E9 /* DY */,
			);
		};
/* End PBXProject section */

/* Begin PBXResourcesBuildPhase section */
		4C69D83A1DF69F4C00C0B7E9 /* Resources */ = {
			isa = PBXResourcesBuildPhase;
			buildActionMask = 2147483647;
			files = (
				4CE004621DF7C53D00F0648A /* HomeViewController.storyboard in Resources */,
				4C69D84A1DF69F4C00C0B7E9 /* LaunchScreen.storyboard in Resources */,
				4CE004681DF7C53D00F0648A /* ProfileViewController.storyboard in Resources */,
				4CE0046A1DF7C53D00F0648A /* VideoViewController.storyboard in Resources */,
				4C69D8471DF69F4C00C0B7E9 /* Assets.xcassets in Resources */,
				4CE004641DF7C53D00F0648A /* LiveViewController.storyboard in Resources */,
				4CE004601DF7C53D00F0648A /* FollowViewController.storyboard in Resources */,
			);
			runOnlyForDeploymentPostprocessing = 0;
		};
/* End PBXResourcesBuildPhase section */

/* Begin PBXSourcesBuildPhase section */
		4C69D8381DF69F4C00C0B7E9 /* Sources */ = {
			isa = PBXSourcesBuildPhase;
			buildActionMask = 2147483647;
			files = (
				4CE004661DF7C53D00F0648A /* MainNavigationController.swift in Sources */,
				4C69D8401DF69F4C00C0B7E9 /* AppDelegate.swift in Sources */,
				4CE0046B1DF7C53D00F0648A /* VideoViewController.swift in Sources */,
				4CE004671DF7C53D00F0648A /* MainTabBarController.swift in Sources */,
				4CE004611DF7C53D00F0648A /* FollowViewController.swift in Sources */,
				4CE004691DF7C53D00F0648A /* ProfileViewController.swift in Sources */,
				4CE004651DF7C53D00F0648A /* LiveViewController.swift in Sources */,
				4CE004631DF7C53D00F0648A /* HomeViewController.swift in Sources */,
			);
			runOnlyForDeploymentPostprocessing = 0;
		};
/* End PBXSourcesBuildPhase section */

/* Begin PBXVariantGroup section */
		4C69D8481DF69F4C00C0B7E9 /* LaunchScreen.storyboard */ = {
			isa = PBXVariantGroup;
			children = (
				4C69D8491DF69F4C00C0B7E9 /* Base */,
			);
			name = LaunchScreen.storyboard;
			sourceTree = "<group>";
		};
/* End PBXVariantGroup section */

/* Begin XCBuildConfiguration section */
		4C69D84C1DF69F4C00C0B7E9 /* Debug */ = {
			isa = XCBuildConfiguration;
			buildSettings = {
				ALWAYS_SEARCH_USER_PATHS = NO;
				CLANG_ANALYZER_NONNULL = YES;
				CLANG_CXX_LANGUAGE_STANDARD = "gnu++0x";
				CLANG_CXX_LIBRARY = "libc++";
				CLANG_ENABLE_MODULES = YES;
				CLANG_ENABLE_OBJC_ARC = YES;
				CLANG_WARN_BOOL_CONVERSION = YES;
				CLANG_WARN_CONSTANT_CONVERSION = YES;
				CLANG_WARN_DIRECT_OBJC_ISA_USAGE = YES_ERROR;
				CLANG_WARN_DOCUMENTATION_COMMENTS = YES;
				CLANG_WARN_EMPTY_BODY = YES;
				CLANG_WARN_ENUM_CONVERSION = YES;
				CLANG_WARN_INFINITE_RECURSION = YES;
				CLANG_WARN_INT_CONVERSION = YES;
				CLANG_WARN_OBJC_ROOT_CLASS = YES_ERROR;
				CLANG_WARN_SUSPICIOUS_MOVES = YES;
				CLANG_WARN_UNREACHABLE_CODE = YES;
				CLANG_WARN__DUPLICATE_METHOD_MATCH = YES;
				"CODE_SIGN_IDENTITY[sdk=iphoneos*]" = "iPhone Developer";
				COPY_PHASE_STRIP = NO;
				DEBUG_INFORMATION_FORMAT = dwarf;
				ENABLE_STRICT_OBJC_MSGSEND = YES;
				ENABLE_TESTABILITY = YES;
				GCC_C_LANGUAGE_STANDARD = gnu99;
				GCC_DYNAMIC_NO_PIC = NO;
				GCC_NO_COMMON_BLOCKS = YES;
				GCC_OPTIMIZATION_LEVEL = 0;
				GCC_PREPROCESSOR_DEFINITIONS = (
					"DEBUG=1",
					"$(inherited)",
				);
				GCC_WARN_64_TO_32_BIT_CONVERSION = YES;
				GCC_WARN_ABOUT_RETURN_TYPE = YES_ERROR;
				GCC_WARN_UNDECLARED_SELECTOR = YES;
				GCC_WARN_UNINITIALIZED_AUTOS = YES_AGGRESSIVE;
				GCC_WARN_UNUSED_FUNCTION = YES;
				GCC_WARN_UNUSED_VARIABLE = YES;
				IPHONEOS_DEPLOYMENT_TARGET = 10.0;
				MTL_ENABLE_DEBUG_INFO = YES;
				ONLY_ACTIVE_ARCH = YES;
				SDKROOT = iphoneos;
				SWIFT_ACTIVE_COMPILATION_CONDITIONS = DEBUG;
				SWIFT_OPTIMIZATION_LEVEL = "-Onone";
				TARGETED_DEVICE_FAMILY = "1,2";
			};
			name = Debug;
		};
		4C69D84D1DF69F4C00C0B7E9 /* Release */ = {
			isa = XCBuildConfiguration;
			buildSettings = {
				ALWAYS_SEARCH_USER_PATHS = NO;
				CLANG_ANALYZER_NONNULL = YES;
				CLANG_CXX_LANGUAGE_STANDARD = "gnu++0x";
				CLANG_CXX_LIBRARY = "libc++";
				CLANG_ENABLE_MODULES = YES;
				CLANG_ENABLE_OBJC_ARC = YES;
				CLANG_WARN_BOOL_CONVERSION = YES;
				CLANG_WARN_CONSTANT_CONVERSION = YES;
				CLANG_WARN_DIRECT_OBJC_ISA_USAGE = YES_ERROR;
				CLANG_WARN_DOCUMENTATION_COMMENTS = YES;
				CLANG_WARN_EMPTY_BODY = YES;
				CLANG_WARN_ENUM_CONVERSION = YES;
				CLANG_WARN_INFINITE_RECURSION = YES;
				CLANG_WARN_INT_CONVERSION = YES;
				CLANG_WARN_OBJC_ROOT_CLASS = YES_ERROR;
				CLANG_WARN_SUSPICIOUS_MOVES = YES;
				CLANG_WARN_UNREACHABLE_CODE = YES;
				CLANG_WARN__DUPLICATE_METHOD_MATCH = YES;
				"CODE_SIGN_IDENTITY[sdk=iphoneos*]" = "iPhone Developer";
				COPY_PHASE_STRIP = NO;
				DEBUG_INFORMATION_FORMAT = "dwarf-with-dsym";
				ENABLE_NS_ASSERTIONS = NO;
				ENABLE_STRICT_OBJC_MSGSEND = YES;
				GCC_C_LANGUAGE_STANDARD = gnu99;
				GCC_NO_COMMON_BLOCKS = YES;
				GCC_WARN_64_TO_32_BIT_CONVERSION = YES;
				GCC_WARN_ABOUT_RETURN_TYPE = YES_ERROR;
				GCC_WARN_UNDECLARED_SELECTOR = YES;
				GCC_WARN_UNINITIALIZED_AUTOS = YES_AGGRESSIVE;
				GCC_WARN_UNUSED_FUNCTION = YES;
				GCC_WARN_UNUSED_VARIABLE = YES;
				IPHONEOS_DEPLOYMENT_TARGET = 10.0;
				MTL_ENABLE_DEBUG_INFO = NO;
				SDKROOT = iphoneos;
				SWIFT_OPTIMIZATION_LEVEL = "-Owholemodule";
				TARGETED_DEVICE_FAMILY = "1,2";
				VALIDATE_PRODUCT = YES;
			};
			name = Release;
		};
		4C69D84F1DF69F4C00C0B7E9 /* Debug */ = {
			isa = XCBuildConfiguration;
			buildSettings = {
				ASSETCATALOG_COMPILER_APPICON_NAME = AppIcon;
				ASSETCATALOG_COMPILER_LAUNCHIMAGE_NAME = LaunchImage;
				DEVELOPMENT_TEAM = GX89S4GSN2;
				INFOPLIST_FILE = DY/Info.plist;
				IPHONEOS_DEPLOYMENT_TARGET = 8.0;
				LD_RUNPATH_SEARCH_PATHS = "$(inherited) @executable_path/Frameworks";
				PRODUCT_BUNDLE_IDENTIFIER = com.FingerTip.DY;
				PRODUCT_NAME = "$(TARGET_NAME)";
				SWIFT_VERSION = 3.0;
				TARGETED_DEVICE_FAMILY = 1;
			};
			name = Debug;
		};
		4C69D8501DF69F4C00C0B7E9 /* Release */ = {
			isa = XCBuildConfiguration;
			buildSettings = {
				ASSETCATALOG_COMPILER_APPICON_NAME = AppIcon;
				ASSETCATALOG_COMPILER_LAUNCHIMAGE_NAME = LaunchImage;
				DEVELOPMENT_TEAM = GX89S4GSN2;
				INFOPLIST_FILE = DY/Info.plist;
				IPHONEOS_DEPLOYMENT_TARGET = 8.0;
				LD_RUNPATH_SEARCH_PATHS = "$(inherited) @executable_path/Frameworks";
				PRODUCT_BUNDLE_IDENTIFIER = com.FingerTip.DY;
				PRODUCT_NAME = "$(TARGET_NAME)";
				SWIFT_VERSION = 3.0;
				TARGETED_DEVICE_FAMILY = 1;
			};
			name = Release;
		};
/* End XCBuildConfiguration section */

/* Begin XCConfigurationList section */
		4C69D8371DF69F4C00C0B7E9 /* Build configuration list for PBXProject "DY" */ = {
			isa = XCConfigurationList;
			buildConfigurations = (
				4C69D84C1DF69F4C00C0B7E9 /* Debug */,
				4C69D84D1DF69F4C00C0B7E9 /* Release */,
			);
			defaultConfigurationIsVisible = 0;
			defaultConfigurationName = Release;
		};
		4C69D84E1DF69F4C00C0B7E9 /* Build configuration list for PBXNativeTarget "DY" */ = {
			isa = XCConfigurationList;
			buildConfigurations = (
				4C69D84F1DF69F4C00C0B7E9 /* Debug */,
				4C69D8501DF69F4C00C0B7E9 /* Release */,
			);
			defaultConfigurationIsVisible = 0;
			defaultConfigurationName = Release;
		};
/* End XCConfigurationList section */
	};
	rootObject = 4C69D8341DF69F4C00C0B7E9 /* Project object */;
}
